// !$*UTF8*$!
{
	archiveVersion = 1;
	classes = {
	};
	objectVersion = 56;
	objects = {

/* Begin PBXBuildFile section */
		094E4910F897BF31762CC246 /* Pods_RickMortyTests.framework in Frameworks */ = {isa = PBXBuildFile; fileRef = 9240699298CF6702E61FA704 /* Pods_RickMortyTests.framework */; };
		5E00C8832C38B23F00E359A4 /* RickMortyApp.swift in Sources */ = {isa = PBXBuildFile; fileRef = 5E00C8822C38B23F00E359A4 /* RickMortyApp.swift */; };
		5E00C8852C38B23F00E359A4 /* CharactersView.swift in Sources */ = {isa = PBXBuildFile; fileRef = 5E00C8842C38B23F00E359A4 /* CharactersView.swift */; };
		5E00C8872C38B24100E359A4 /* Assets.xcassets in Resources */ = {isa = PBXBuildFile; fileRef = 5E00C8862C38B24100E359A4 /* Assets.xcassets */; };
		5E00C88A2C38B24100E359A4 /* Preview Assets.xcassets in Resources */ = {isa = PBXBuildFile; fileRef = 5E00C8892C38B24100E359A4 /* Preview Assets.xcassets */; };
		5E00C8942C38B24100E359A4 /* RickMortyTests.swift in Sources */ = {isa = PBXBuildFile; fileRef = 5E00C8932C38B24100E359A4 /* RickMortyTests.swift */; };
		5E00C89E2C38B24100E359A4 /* RickMortyUITests.swift in Sources */ = {isa = PBXBuildFile; fileRef = 5E00C89D2C38B24100E359A4 /* RickMortyUITests.swift */; };
		5E00C8A02C38B24100E359A4 /* RickMortyUITestsLaunchTests.swift in Sources */ = {isa = PBXBuildFile; fileRef = 5E00C89F2C38B24100E359A4 /* RickMortyUITestsLaunchTests.swift */; };
		5E365BBF2CB2AD6B008D60FF /* AppContainer.swift in Sources */ = {isa = PBXBuildFile; fileRef = 5E365BBE2CB2AD6B008D60FF /* AppContainer.swift */; };
		5E3AF8402C3DAEC10084D4B5 /* LoggerFacade.swift in Sources */ = {isa = PBXBuildFile; fileRef = 5E3AF83F2C3DAEC10084D4B5 /* LoggerFacade.swift */; };
		5E3AF8432C3DB1A50084D4B5 /* LoggerFacadeImpl.swift in Sources */ = {isa = PBXBuildFile; fileRef = 5E3AF8422C3DB1A50084D4B5 /* LoggerFacadeImpl.swift */; };
		5E3AF8462C3DC6CD0084D4B5 /* CharacterView.swift in Sources */ = {isa = PBXBuildFile; fileRef = 5E3AF8452C3DC6CD0084D4B5 /* CharacterView.swift */; };
		5E3AF8482C3DC7D90084D4B5 /* NetworkImageView.swift in Sources */ = {isa = PBXBuildFile; fileRef = 5E3AF8472C3DC7D90084D4B5 /* NetworkImageView.swift */; };
		5E3AF84C2C3DD5A60084D4B5 /* LoggerFacadeMock.swift in Sources */ = {isa = PBXBuildFile; fileRef = 5E3AF84B2C3DD5A60084D4B5 /* LoggerFacadeMock.swift */; };
		5E3AF84E2C3DDE710084D4B5 /* KeyValueTextView.swift in Sources */ = {isa = PBXBuildFile; fileRef = 5E3AF84D2C3DDE710084D4B5 /* KeyValueTextView.swift */; };
		5E3AF8522C3E04620084D4B5 /* AlertItem.swift in Sources */ = {isa = PBXBuildFile; fileRef = 5E3AF8512C3E04620084D4B5 /* AlertItem.swift */; };
		5E54F0932C398B21004626B0 /* CharactersViewModel.swift in Sources */ = {isa = PBXBuildFile; fileRef = 5E54F0922C398B21004626B0 /* CharactersViewModel.swift */; };
		5E54F0962C398C65004626B0 /* CharacterRepository.swift in Sources */ = {isa = PBXBuildFile; fileRef = 5E54F0952C398C65004626B0 /* CharacterRepository.swift */; };
		5E54F0992C398DE1004626B0 /* ApiClient.swift in Sources */ = {isa = PBXBuildFile; fileRef = 5E54F0982C398DE1004626B0 /* ApiClient.swift */; };
		5E54F09B2C39905F004626B0 /* ApiClientImpl.swift in Sources */ = {isa = PBXBuildFile; fileRef = 5E54F09A2C39905F004626B0 /* ApiClientImpl.swift */; };
		5E54F09E2C399AAE004626B0 /* ApiEndpoint.swift in Sources */ = {isa = PBXBuildFile; fileRef = 5E54F09D2C399AAE004626B0 /* ApiEndpoint.swift */; };
		5E54F0A02C399E75004626B0 /* ApiMethod.swift in Sources */ = {isa = PBXBuildFile; fileRef = 5E54F09F2C399E75004626B0 /* ApiMethod.swift */; };
		5E54F0A52C39A8AF004626B0 /* URLComponents.swift in Sources */ = {isa = PBXBuildFile; fileRef = 5E54F0A42C39A8AF004626B0 /* URLComponents.swift */; };
		5E54F0A82C39A92E004626B0 /* URLRequest.swift in Sources */ = {isa = PBXBuildFile; fileRef = 5E54F0A72C39A92E004626B0 /* URLRequest.swift */; };
		5E54F0AB2C39AA21004626B0 /* CharacterRepositoryImpl.swift in Sources */ = {isa = PBXBuildFile; fileRef = 5E54F0AA2C39AA21004626B0 /* CharacterRepositoryImpl.swift */; };
		5E54F0AD2C39BA51004626B0 /* ApiStatus.swift in Sources */ = {isa = PBXBuildFile; fileRef = 5E54F0AC2C39BA51004626B0 /* ApiStatus.swift */; };
		5E54F0AF2C39C38E004626B0 /* Character.swift in Sources */ = {isa = PBXBuildFile; fileRef = 5E54F0AE2C39C38E004626B0 /* Character.swift */; };
		5E54F0B12C39C6C3004626B0 /* String.swift in Sources */ = {isa = PBXBuildFile; fileRef = 5E54F0B02C39C6C3004626B0 /* String.swift */; };
		5E54F0B32C3A073B004626B0 /* CharacterDetailView.swift in Sources */ = {isa = PBXBuildFile; fileRef = 5E54F0B22C3A073B004626B0 /* CharacterDetailView.swift */; };
		5E54F0B52C3A0EA7004626B0 /* ErrorType.swift in Sources */ = {isa = PBXBuildFile; fileRef = 5E54F0B42C3A0EA7004626B0 /* ErrorType.swift */; };
		5EBDB09C2C3B8F650044933A /* Logger in Frameworks */ = {isa = PBXBuildFile; productRef = 5EBDB09B2C3B8F650044933A /* Logger */; };
		5EEFCDDB2C3D8C29007D559A /* ActivityIndicator.swift in Sources */ = {isa = PBXBuildFile; fileRef = 5EEFCDDA2C3D8C29007D559A /* ActivityIndicator.swift */; };
		5EEFCDDE2C3D8FBF007D559A /* OverlayView.swift in Sources */ = {isa = PBXBuildFile; fileRef = 5EEFCDDD2C3D8FBF007D559A /* OverlayView.swift */; };
		5EFD76E42C3B1DAF0072D434 /* CharactersViewModelTest.swift in Sources */ = {isa = PBXBuildFile; fileRef = 5EFD76E32C3B1DAF0072D434 /* CharactersViewModelTest.swift */; };
		5EFD76E62C3B30210072D434 /* ApiClientMock.swift in Sources */ = {isa = PBXBuildFile; fileRef = 5EFD76E52C3B30210072D434 /* ApiClientMock.swift */; };
		5EFD76E82C3B31560072D434 /* CharacterRepositoryMock.swift in Sources */ = {isa = PBXBuildFile; fileRef = 5EFD76E72C3B31560072D434 /* CharacterRepositoryMock.swift */; };
		8885E918C05AF3409C6BD6AB /* Pods_RickMorty_RickMortyUITests.framework in Frameworks */ = {isa = PBXBuildFile; fileRef = 0F36420C807B9822CA3ACDF2 /* Pods_RickMorty_RickMortyUITests.framework */; };
		AFE1E6D434A64A6DB9602114 /* Pods_RickMorty.framework in Frameworks */ = {isa = PBXBuildFile; fileRef = 6AB01071BF8513E888956566 /* Pods_RickMorty.framework */; };
/* End PBXBuildFile section */

/* Begin PBXContainerItemProxy section */
		5E00C8902C38B24100E359A4 /* PBXContainerItemProxy */ = {
			isa = PBXContainerItemProxy;
			containerPortal = 5E00C8772C38B23E00E359A4 /* Project object */;
			proxyType = 1;
			remoteGlobalIDString = 5E00C87E2C38B23E00E359A4;
			remoteInfo = RickMorty;
		};
		5E00C89A2C38B24100E359A4 /* PBXContainerItemProxy */ = {
			isa = PBXContainerItemProxy;
			containerPortal = 5E00C8772C38B23E00E359A4 /* Project object */;
			proxyType = 1;
			remoteGlobalIDString = 5E00C87E2C38B23E00E359A4;
			remoteInfo = RickMorty;
		};
/* End PBXContainerItemProxy section */

/* Begin PBXFileReference section */
		07D7B1B68C1FE4DF67844738 /* Pods-RickMorty.debug.xcconfig */ = {isa = PBXFileReference; includeInIndex = 1; lastKnownFileType = text.xcconfig; name = "Pods-RickMorty.debug.xcconfig"; path = "Target Support Files/Pods-RickMorty/Pods-RickMorty.debug.xcconfig"; sourceTree = "<group>"; };
		0F36420C807B9822CA3ACDF2 /* Pods_RickMorty_RickMortyUITests.framework */ = {isa = PBXFileReference; explicitFileType = wrapper.framework; includeInIndex = 0; path = Pods_RickMorty_RickMortyUITests.framework; sourceTree = BUILT_PRODUCTS_DIR; };
		51F22979668E9094643E126A /* Pods-RickMortyTests.release.xcconfig */ = {isa = PBXFileReference; includeInIndex = 1; lastKnownFileType = text.xcconfig; name = "Pods-RickMortyTests.release.xcconfig"; path = "Target Support Files/Pods-RickMortyTests/Pods-RickMortyTests.release.xcconfig"; sourceTree = "<group>"; };
		5E00C87F2C38B23F00E359A4 /* RickMorty.app */ = {isa = PBXFileReference; explicitFileType = wrapper.application; includeInIndex = 0; path = RickMorty.app; sourceTree = BUILT_PRODUCTS_DIR; };
		5E00C8822C38B23F00E359A4 /* RickMortyApp.swift */ = {isa = PBXFileReference; lastKnownFileType = sourcecode.swift; path = RickMortyApp.swift; sourceTree = "<group>"; };
		5E00C8842C38B23F00E359A4 /* CharactersView.swift */ = {isa = PBXFileReference; lastKnownFileType = sourcecode.swift; path = CharactersView.swift; sourceTree = "<group>"; };
		5E00C8862C38B24100E359A4 /* Assets.xcassets */ = {isa = PBXFileReference; lastKnownFileType = folder.assetcatalog; path = Assets.xcassets; sourceTree = "<group>"; };
		5E00C8892C38B24100E359A4 /* Preview Assets.xcassets */ = {isa = PBXFileReference; lastKnownFileType = folder.assetcatalog; path = "Preview Assets.xcassets"; sourceTree = "<group>"; };
		5E00C88F2C38B24100E359A4 /* RickMortyTests.xctest */ = {isa = PBXFileReference; explicitFileType = wrapper.cfbundle; includeInIndex = 0; path = RickMortyTests.xctest; sourceTree = BUILT_PRODUCTS_DIR; };
		5E00C8932C38B24100E359A4 /* RickMortyTests.swift */ = {isa = PBXFileReference; lastKnownFileType = sourcecode.swift; path = RickMortyTests.swift; sourceTree = "<group>"; };
		5E00C8992C38B24100E359A4 /* RickMortyUITests.xctest */ = {isa = PBXFileReference; explicitFileType = wrapper.cfbundle; includeInIndex = 0; path = RickMortyUITests.xctest; sourceTree = BUILT_PRODUCTS_DIR; };
		5E00C89D2C38B24100E359A4 /* RickMortyUITests.swift */ = {isa = PBXFileReference; lastKnownFileType = sourcecode.swift; path = RickMortyUITests.swift; sourceTree = "<group>"; };
		5E00C89F2C38B24100E359A4 /* RickMortyUITestsLaunchTests.swift */ = {isa = PBXFileReference; lastKnownFileType = sourcecode.swift; path = RickMortyUITestsLaunchTests.swift; sourceTree = "<group>"; };
		5E365BBE2CB2AD6B008D60FF /* AppContainer.swift */ = {isa = PBXFileReference; lastKnownFileType = sourcecode.swift; path = AppContainer.swift; sourceTree = "<group>"; };
		5E3AF83F2C3DAEC10084D4B5 /* LoggerFacade.swift */ = {isa = PBXFileReference; lastKnownFileType = sourcecode.swift; path = LoggerFacade.swift; sourceTree = "<group>"; };
		5E3AF8422C3DB1A50084D4B5 /* LoggerFacadeImpl.swift */ = {isa = PBXFileReference; lastKnownFileType = sourcecode.swift; path = LoggerFacadeImpl.swift; sourceTree = "<group>"; };
		5E3AF8452C3DC6CD0084D4B5 /* CharacterView.swift */ = {isa = PBXFileReference; lastKnownFileType = sourcecode.swift; path = CharacterView.swift; sourceTree = "<group>"; };
		5E3AF8472C3DC7D90084D4B5 /* NetworkImageView.swift */ = {isa = PBXFileReference; lastKnownFileType = sourcecode.swift; path = NetworkImageView.swift; sourceTree = "<group>"; };
		5E3AF84B2C3DD5A60084D4B5 /* LoggerFacadeMock.swift */ = {isa = PBXFileReference; lastKnownFileType = sourcecode.swift; path = LoggerFacadeMock.swift; sourceTree = "<group>"; };
		5E3AF84D2C3DDE710084D4B5 /* KeyValueTextView.swift */ = {isa = PBXFileReference; lastKnownFileType = sourcecode.swift; path = KeyValueTextView.swift; sourceTree = "<group>"; };
		5E3AF8512C3E04620084D4B5 /* AlertItem.swift */ = {isa = PBXFileReference; lastKnownFileType = sourcecode.swift; path = AlertItem.swift; sourceTree = "<group>"; };
		5E54F0922C398B21004626B0 /* CharactersViewModel.swift */ = {isa = PBXFileReference; lastKnownFileType = sourcecode.swift; path = CharactersViewModel.swift; sourceTree = "<group>"; };
		5E54F0952C398C65004626B0 /* CharacterRepository.swift */ = {isa = PBXFileReference; lastKnownFileType = sourcecode.swift; path = CharacterRepository.swift; sourceTree = "<group>"; };
		5E54F0982C398DE1004626B0 /* ApiClient.swift */ = {isa = PBXFileReference; lastKnownFileType = sourcecode.swift; path = ApiClient.swift; sourceTree = "<group>"; };
		5E54F09A2C39905F004626B0 /* ApiClientImpl.swift */ = {isa = PBXFileReference; lastKnownFileType = sourcecode.swift; path = ApiClientImpl.swift; sourceTree = "<group>"; };
		5E54F09D2C399AAE004626B0 /* ApiEndpoint.swift */ = {isa = PBXFileReference; lastKnownFileType = sourcecode.swift; path = ApiEndpoint.swift; sourceTree = "<group>"; };
		5E54F09F2C399E75004626B0 /* ApiMethod.swift */ = {isa = PBXFileReference; lastKnownFileType = sourcecode.swift; path = ApiMethod.swift; sourceTree = "<group>"; };
		5E54F0A42C39A8AF004626B0 /* URLComponents.swift */ = {isa = PBXFileReference; lastKnownFileType = sourcecode.swift; path = URLComponents.swift; sourceTree = "<group>"; };
		5E54F0A72C39A92E004626B0 /* URLRequest.swift */ = {isa = PBXFileReference; lastKnownFileType = sourcecode.swift; path = URLRequest.swift; sourceTree = "<group>"; };
		5E54F0AA2C39AA21004626B0 /* CharacterRepositoryImpl.swift */ = {isa = PBXFileReference; lastKnownFileType = sourcecode.swift; path = CharacterRepositoryImpl.swift; sourceTree = "<group>"; };
		5E54F0AC2C39BA51004626B0 /* ApiStatus.swift */ = {isa = PBXFileReference; lastKnownFileType = sourcecode.swift; path = ApiStatus.swift; sourceTree = "<group>"; };
		5E54F0AE2C39C38E004626B0 /* Character.swift */ = {isa = PBXFileReference; lastKnownFileType = sourcecode.swift; path = Character.swift; sourceTree = "<group>"; };
		5E54F0B02C39C6C3004626B0 /* String.swift */ = {isa = PBXFileReference; lastKnownFileType = sourcecode.swift; path = String.swift; sourceTree = "<group>"; };
		5E54F0B22C3A073B004626B0 /* CharacterDetailView.swift */ = {isa = PBXFileReference; lastKnownFileType = sourcecode.swift; path = CharacterDetailView.swift; sourceTree = "<group>"; };
		5E54F0B42C3A0EA7004626B0 /* ErrorType.swift */ = {isa = PBXFileReference; lastKnownFileType = sourcecode.swift; path = ErrorType.swift; sourceTree = "<group>"; };
		5EEFCDDA2C3D8C29007D559A /* ActivityIndicator.swift */ = {isa = PBXFileReference; lastKnownFileType = sourcecode.swift; path = ActivityIndicator.swift; sourceTree = "<group>"; };
		5EEFCDDD2C3D8FBF007D559A /* OverlayView.swift */ = {isa = PBXFileReference; lastKnownFileType = sourcecode.swift; path = OverlayView.swift; sourceTree = "<group>"; };
		5EFD76E32C3B1DAF0072D434 /* CharactersViewModelTest.swift */ = {isa = PBXFileReference; lastKnownFileType = sourcecode.swift; path = CharactersViewModelTest.swift; sourceTree = "<group>"; };
		5EFD76E52C3B30210072D434 /* ApiClientMock.swift */ = {isa = PBXFileReference; lastKnownFileType = sourcecode.swift; path = ApiClientMock.swift; sourceTree = "<group>"; };
		5EFD76E72C3B31560072D434 /* CharacterRepositoryMock.swift */ = {isa = PBXFileReference; lastKnownFileType = sourcecode.swift; path = CharacterRepositoryMock.swift; sourceTree = "<group>"; };
		6AB01071BF8513E888956566 /* Pods_RickMorty.framework */ = {isa = PBXFileReference; explicitFileType = wrapper.framework; includeInIndex = 0; path = Pods_RickMorty.framework; sourceTree = BUILT_PRODUCTS_DIR; };
		70D1EBD797C67A37C0246DE6 /* Pods-RickMorty-RickMortyUITests.debug.xcconfig */ = {isa = PBXFileReference; includeInIndex = 1; lastKnownFileType = text.xcconfig; name = "Pods-RickMorty-RickMortyUITests.debug.xcconfig"; path = "Target Support Files/Pods-RickMorty-RickMortyUITests/Pods-RickMorty-RickMortyUITests.debug.xcconfig"; sourceTree = "<group>"; };
		76BC854F2BD23B7CB2B04B82 /* Pods-RickMorty.release.xcconfig */ = {isa = PBXFileReference; includeInIndex = 1; lastKnownFileType = text.xcconfig; name = "Pods-RickMorty.release.xcconfig"; path = "Target Support Files/Pods-RickMorty/Pods-RickMorty.release.xcconfig"; sourceTree = "<group>"; };
		9240699298CF6702E61FA704 /* Pods_RickMortyTests.framework */ = {isa = PBXFileReference; explicitFileType = wrapper.framework; includeInIndex = 0; path = Pods_RickMortyTests.framework; sourceTree = BUILT_PRODUCTS_DIR; };
		9D8CE640D2CEEB5F180B658F /* Pods-RickMortyTests.debug.xcconfig */ = {isa = PBXFileReference; includeInIndex = 1; lastKnownFileType = text.xcconfig; name = "Pods-RickMortyTests.debug.xcconfig"; path = "Target Support Files/Pods-RickMortyTests/Pods-RickMortyTests.debug.xcconfig"; sourceTree = "<group>"; };
		C905816E57E2057E730B97A2 /* Pods-RickMorty-RickMortyUITests.release.xcconfig */ = {isa = PBXFileReference; includeInIndex = 1; lastKnownFileType = text.xcconfig; name = "Pods-RickMorty-RickMortyUITests.release.xcconfig"; path = "Target Support Files/Pods-RickMorty-RickMortyUITests/Pods-RickMorty-RickMortyUITests.release.xcconfig"; sourceTree = "<group>"; };
/* End PBXFileReference section */

/* Begin PBXFrameworksBuildPhase section */
		5E00C87C2C38B23E00E359A4 /* Frameworks */ = {
			isa = PBXFrameworksBuildPhase;
			buildActionMask = 2147483647;
			files = (
				5EBDB09C2C3B8F650044933A /* Logger in Frameworks */,
				AFE1E6D434A64A6DB9602114 /* Pods_RickMorty.framework in Frameworks */,
			);
			runOnlyForDeploymentPostprocessing = 0;
		};
		5E00C88C2C38B24100E359A4 /* Frameworks */ = {
			isa = PBXFrameworksBuildPhase;
			buildActionMask = 2147483647;
			files = (
				094E4910F897BF31762CC246 /* Pods_RickMortyTests.framework in Frameworks */,
			);
			runOnlyForDeploymentPostprocessing = 0;
		};
		5E00C8962C38B24100E359A4 /* Frameworks */ = {
			isa = PBXFrameworksBuildPhase;
			buildActionMask = 2147483647;
			files = (
				8885E918C05AF3409C6BD6AB /* Pods_RickMorty_RickMortyUITests.framework in Frameworks */,
			);
			runOnlyForDeploymentPostprocessing = 0;
		};
/* End PBXFrameworksBuildPhase section */

/* Begin PBXGroup section */
		5E00C8762C38B23E00E359A4 = {
			isa = PBXGroup;
			children = (
				5E00C8812C38B23F00E359A4 /* RickMorty */,
				5E00C8922C38B24100E359A4 /* RickMortyTests */,
				5E00C89C2C38B24100E359A4 /* RickMortyUITests */,
				5E00C8802C38B23F00E359A4 /* Products */,
				8979B174DB3E2F835F0FEC7C /* Pods */,
				CCE1A0B7A1635FD0F2C5BE30 /* Frameworks */,
			);
			sourceTree = "<group>";
		};
		5E00C8802C38B23F00E359A4 /* Products */ = {
			isa = PBXGroup;
			children = (
				5E00C87F2C38B23F00E359A4 /* RickMorty.app */,
				5E00C88F2C38B24100E359A4 /* RickMortyTests.xctest */,
				5E00C8992C38B24100E359A4 /* RickMortyUITests.xctest */,
			);
			name = Products;
			sourceTree = "<group>";
		};
		5E00C8812C38B23F00E359A4 /* RickMorty */ = {
			isa = PBXGroup;
			children = (
				5E365BBD2CB2AD2C008D60FF /* DI */,
				5EEFCDD82C3D8BBC007D559A /* View */,
				5E54F0B92C3A2E89004626B0 /* Characters */,
				5E54F0B82C3A2E68004626B0 /* Character */,
				5E54F0A32C39A875004626B0 /* Util */,
				5E54F0972C398C96004626B0 /* DataSource */,
				5E54F0942C398C21004626B0 /* Repository */,
				5E00C8AC2C38B2EB00E359A4 /* Model */,
				5E00C8822C38B23F00E359A4 /* RickMortyApp.swift */,
				5E00C8862C38B24100E359A4 /* Assets.xcassets */,
				5E00C8882C38B24100E359A4 /* Preview Content */,
			);
			path = RickMorty;
			sourceTree = "<group>";
		};
		5E00C8882C38B24100E359A4 /* Preview Content */ = {
			isa = PBXGroup;
			children = (
				5E00C8892C38B24100E359A4 /* Preview Assets.xcassets */,
			);
			path = "Preview Content";
			sourceTree = "<group>";
		};
		5E00C8922C38B24100E359A4 /* RickMortyTests */ = {
			isa = PBXGroup;
			children = (
				5EFD76E22C3B1D530072D434 /* Characters */,
				5E00C8932C38B24100E359A4 /* RickMortyTests.swift */,
			);
			path = RickMortyTests;
			sourceTree = "<group>";
		};
		5E00C89C2C38B24100E359A4 /* RickMortyUITests */ = {
			isa = PBXGroup;
			children = (
				5E00C89D2C38B24100E359A4 /* RickMortyUITests.swift */,
				5E00C89F2C38B24100E359A4 /* RickMortyUITestsLaunchTests.swift */,
			);
			path = RickMortyUITests;
			sourceTree = "<group>";
		};
		5E00C8AC2C38B2EB00E359A4 /* Model */ = {
			isa = PBXGroup;
			children = (
				5E54F0AE2C39C38E004626B0 /* Character.swift */,
				5E3AF8512C3E04620084D4B5 /* AlertItem.swift */,
			);
			path = Model;
			sourceTree = "<group>";
		};
		5E365BBD2CB2AD2C008D60FF /* DI */ = {
			isa = PBXGroup;
			children = (
				5E365BBE2CB2AD6B008D60FF /* AppContainer.swift */,
			);
			path = DI;
			sourceTree = "<group>";
		};
		5E3AF8412C3DB18B0084D4B5 /* Logger */ = {
			isa = PBXGroup;
			children = (
				5E3AF83F2C3DAEC10084D4B5 /* LoggerFacade.swift */,
				5E3AF8422C3DB1A50084D4B5 /* LoggerFacadeImpl.swift */,
				5E3AF84B2C3DD5A60084D4B5 /* LoggerFacadeMock.swift */,
			);
			path = Logger;
			sourceTree = "<group>";
		};
		5E3AF8442C3DC6BA0084D4B5 /* View */ = {
			isa = PBXGroup;
			children = (
				5E3AF8452C3DC6CD0084D4B5 /* CharacterView.swift */,
			);
			path = View;
			sourceTree = "<group>";
		};
		5E54F0942C398C21004626B0 /* Repository */ = {
			isa = PBXGroup;
			children = (
				5E54F0A92C39A9E7004626B0 /* CharacterRepositoy */,
			);
			path = Repository;
			sourceTree = "<group>";
		};
		5E54F0972C398C96004626B0 /* DataSource */ = {
			isa = PBXGroup;
			children = (
				5E54F09C2C399A79004626B0 /* Remote */,
			);
			path = DataSource;
			sourceTree = "<group>";
		};
		5E54F09C2C399A79004626B0 /* Remote */ = {
			isa = PBXGroup;
			children = (
				5E54F09A2C39905F004626B0 /* ApiClientImpl.swift */,
				5E54F0982C398DE1004626B0 /* ApiClient.swift */,
				5E54F09D2C399AAE004626B0 /* ApiEndpoint.swift */,
				5E54F09F2C399E75004626B0 /* ApiMethod.swift */,
				5E54F0AC2C39BA51004626B0 /* ApiStatus.swift */,
				5EFD76E52C3B30210072D434 /* ApiClientMock.swift */,
			);
			path = Remote;
			sourceTree = "<group>";
		};
		5E54F0A32C39A875004626B0 /* Util */ = {
			isa = PBXGroup;
			children = (
				5E3AF8412C3DB18B0084D4B5 /* Logger */,
				5EEFCDE12C3D995A007D559A /* Enum */,
				5E54F0A62C39A8E7004626B0 /* Extension */,
			);
			path = Util;
			sourceTree = "<group>";
		};
		5E54F0A62C39A8E7004626B0 /* Extension */ = {
			isa = PBXGroup;
			children = (
				5E54F0A42C39A8AF004626B0 /* URLComponents.swift */,
				5E54F0A72C39A92E004626B0 /* URLRequest.swift */,
				5E54F0B02C39C6C3004626B0 /* String.swift */,
			);
			path = Extension;
			sourceTree = "<group>";
		};
		5E54F0A92C39A9E7004626B0 /* CharacterRepositoy */ = {
			isa = PBXGroup;
			children = (
				5E54F0952C398C65004626B0 /* CharacterRepository.swift */,
				5E54F0AA2C39AA21004626B0 /* CharacterRepositoryImpl.swift */,
				5EFD76E72C3B31560072D434 /* CharacterRepositoryMock.swift */,
			);
			path = CharacterRepositoy;
			sourceTree = "<group>";
		};
		5E54F0B82C3A2E68004626B0 /* Character */ = {
			isa = PBXGroup;
			children = (
				5E54F0B22C3A073B004626B0 /* CharacterDetailView.swift */,
			);
			path = Character;
			sourceTree = "<group>";
		};
		5E54F0B92C3A2E89004626B0 /* Characters */ = {
			isa = PBXGroup;
			children = (
				5E3AF8442C3DC6BA0084D4B5 /* View */,
				5E54F0922C398B21004626B0 /* CharactersViewModel.swift */,
				5E00C8842C38B23F00E359A4 /* CharactersView.swift */,
			);
			path = Characters;
			sourceTree = "<group>";
		};
		5EEFCDD82C3D8BBC007D559A /* View */ = {
			isa = PBXGroup;
			children = (
				5EEFCDDC2C3D8F57007D559A /* SwiftUI */,
				5EEFCDD92C3D8BEB007D559A /* UIKit */,
			);
			path = View;
			sourceTree = "<group>";
		};
		5EEFCDD92C3D8BEB007D559A /* UIKit */ = {
			isa = PBXGroup;
			children = (
				5EEFCDDA2C3D8C29007D559A /* ActivityIndicator.swift */,
			);
			path = UIKit;
			sourceTree = "<group>";
		};
		5EEFCDDC2C3D8F57007D559A /* SwiftUI */ = {
			isa = PBXGroup;
			children = (
				5EEFCDDD2C3D8FBF007D559A /* OverlayView.swift */,
				5E3AF8472C3DC7D90084D4B5 /* NetworkImageView.swift */,
				5E3AF84D2C3DDE710084D4B5 /* KeyValueTextView.swift */,
			);
			path = SwiftUI;
			sourceTree = "<group>";
		};
		5EEFCDE12C3D995A007D559A /* Enum */ = {
			isa = PBXGroup;
			children = (
				5E54F0B42C3A0EA7004626B0 /* ErrorType.swift */,
			);
			path = Enum;
			sourceTree = "<group>";
		};
		5EFD76E22C3B1D530072D434 /* Characters */ = {
			isa = PBXGroup;
			children = (
				5EFD76E32C3B1DAF0072D434 /* CharactersViewModelTest.swift */,
			);
			path = Characters;
			sourceTree = "<group>";
		};
		8979B174DB3E2F835F0FEC7C /* Pods */ = {
			isa = PBXGroup;
			children = (
				07D7B1B68C1FE4DF67844738 /* Pods-RickMorty.debug.xcconfig */,
				76BC854F2BD23B7CB2B04B82 /* Pods-RickMorty.release.xcconfig */,
				70D1EBD797C67A37C0246DE6 /* Pods-RickMorty-RickMortyUITests.debug.xcconfig */,
				C905816E57E2057E730B97A2 /* Pods-RickMorty-RickMortyUITests.release.xcconfig */,
				9D8CE640D2CEEB5F180B658F /* Pods-RickMortyTests.debug.xcconfig */,
				51F22979668E9094643E126A /* Pods-RickMortyTests.release.xcconfig */,
			);
			path = Pods;
			sourceTree = "<group>";
		};
		CCE1A0B7A1635FD0F2C5BE30 /* Frameworks */ = {
			isa = PBXGroup;
			children = (
				6AB01071BF8513E888956566 /* Pods_RickMorty.framework */,
				0F36420C807B9822CA3ACDF2 /* Pods_RickMorty_RickMortyUITests.framework */,
				9240699298CF6702E61FA704 /* Pods_RickMortyTests.framework */,
			);
			name = Frameworks;
			sourceTree = "<group>";
		};
/* End PBXGroup section */

/* Begin PBXNativeTarget section */
		5E00C87E2C38B23E00E359A4 /* RickMorty */ = {
			isa = PBXNativeTarget;
			buildConfigurationList = 5E00C8A32C38B24100E359A4 /* Build configuration list for PBXNativeTarget "RickMorty" */;
			buildPhases = (
				4A0B529D12F5CD6B05EADE00 /* [CP] Check Pods Manifest.lock */,
				5E00C87B2C38B23E00E359A4 /* Sources */,
				5E00C87C2C38B23E00E359A4 /* Frameworks */,
				5E00C87D2C38B23E00E359A4 /* Resources */,
			);
			buildRules = (
			);
			dependencies = (
			);
			name = RickMorty;
			packageProductDependencies = (
				5EBDB09B2C3B8F650044933A /* Logger */,
			);
			productName = RickMorty;
			productReference = 5E00C87F2C38B23F00E359A4 /* RickMorty.app */;
			productType = "com.apple.product-type.application";
		};
		5E00C88E2C38B24100E359A4 /* RickMortyTests */ = {
			isa = PBXNativeTarget;
			buildConfigurationList = 5E00C8A62C38B24100E359A4 /* Build configuration list for PBXNativeTarget "RickMortyTests" */;
			buildPhases = (
				80A867B09587A2629725EBAE /* [CP] Check Pods Manifest.lock */,
				5E00C88B2C38B24100E359A4 /* Sources */,
				5E00C88C2C38B24100E359A4 /* Frameworks */,
				5E00C88D2C38B24100E359A4 /* Resources */,
			);
			buildRules = (
			);
			dependencies = (
				5E00C8912C38B24100E359A4 /* PBXTargetDependency */,
			);
			name = RickMortyTests;
			productName = RickMortyTests;
			productReference = 5E00C88F2C38B24100E359A4 /* RickMortyTests.xctest */;
			productType = "com.apple.product-type.bundle.unit-test";
		};
		5E00C8982C38B24100E359A4 /* RickMortyUITests */ = {
			isa = PBXNativeTarget;
			buildConfigurationList = 5E00C8A92C38B24100E359A4 /* Build configuration list for PBXNativeTarget "RickMortyUITests" */;
			buildPhases = (
				0648AB18CE603CC4C1B11595 /* [CP] Check Pods Manifest.lock */,
				5E00C8952C38B24100E359A4 /* Sources */,
				5E00C8962C38B24100E359A4 /* Frameworks */,
				5E00C8972C38B24100E359A4 /* Resources */,
			);
			buildRules = (
			);
			dependencies = (
				5E00C89B2C38B24100E359A4 /* PBXTargetDependency */,
			);
			name = RickMortyUITests;
			productName = RickMortyUITests;
			productReference = 5E00C8992C38B24100E359A4 /* RickMortyUITests.xctest */;
			productType = "com.apple.product-type.bundle.ui-testing";
		};
/* End PBXNativeTarget section */

/* Begin PBXProject section */
		5E00C8772C38B23E00E359A4 /* Project object */ = {
			isa = PBXProject;
			attributes = {
				BuildIndependentTargetsInParallel = 1;
				LastSwiftUpdateCheck = 1500;
				LastUpgradeCheck = 1500;
				TargetAttributes = {
					5E00C87E2C38B23E00E359A4 = {
						CreatedOnToolsVersion = 15.0.1;
					};
					5E00C88E2C38B24100E359A4 = {
						CreatedOnToolsVersion = 15.0.1;
						TestTargetID = 5E00C87E2C38B23E00E359A4;
					};
					5E00C8982C38B24100E359A4 = {
						CreatedOnToolsVersion = 15.0.1;
						TestTargetID = 5E00C87E2C38B23E00E359A4;
					};
				};
			};
			buildConfigurationList = 5E00C87A2C38B23E00E359A4 /* Build configuration list for PBXProject "RickMorty" */;
			compatibilityVersion = "Xcode 14.0";
			developmentRegion = en;
			hasScannedForEncodings = 0;
			knownRegions = (
				en,
				Base,
			);
			mainGroup = 5E00C8762C38B23E00E359A4;
			packageReferences = (
				5EBDB09A2C3B8F640044933A /* XCRemoteSwiftPackageReference "Logger" */,
			);
			productRefGroup = 5E00C8802C38B23F00E359A4 /* Products */;
			projectDirPath = "";
			projectRoot = "";
			targets = (
				5E00C87E2C38B23E00E359A4 /* RickMorty */,
				5E00C88E2C38B24100E359A4 /* RickMortyTests */,
				5E00C8982C38B24100E359A4 /* RickMortyUITests */,
			);
		};
/* End PBXProject section */

/* Begin PBXResourcesBuildPhase section */
		5E00C87D2C38B23E00E359A4 /* Resources */ = {
			isa = PBXResourcesBuildPhase;
			buildActionMask = 2147483647;
			files = (
				5E00C88A2C38B24100E359A4 /* Preview Assets.xcassets in Resources */,
				5E00C8872C38B24100E359A4 /* Assets.xcassets in Resources */,
			);
			runOnlyForDeploymentPostprocessing = 0;
		};
		5E00C88D2C38B24100E359A4 /* Resources */ = {
			isa = PBXResourcesBuildPhase;
			buildActionMask = 2147483647;
			files = (
			);
			runOnlyForDeploymentPostprocessing = 0;
		};
		5E00C8972C38B24100E359A4 /* Resources */ = {
			isa = PBXResourcesBuildPhase;
			buildActionMask = 2147483647;
			files = (
			);
			runOnlyForDeploymentPostprocessing = 0;
		};
/* End PBXResourcesBuildPhase section */

/* Begin PBXShellScriptBuildPhase section */
		0648AB18CE603CC4C1B11595 /* [CP] Check Pods Manifest.lock */ = {
			isa = PBXShellScriptBuildPhase;
			buildActionMask = 2147483647;
			files = (
			);
			inputFileListPaths = (
			);
			inputPaths = (
				"${PODS_PODFILE_DIR_PATH}/Podfile.lock",
				"${PODS_ROOT}/Manifest.lock",
			);
			name = "[CP] Check Pods Manifest.lock";
			outputFileListPaths = (
			);
			outputPaths = (
				"$(DERIVED_FILE_DIR)/Pods-RickMorty-RickMortyUITests-checkManifestLockResult.txt",
			);
			runOnlyForDeploymentPostprocessing = 0;
			shellPath = /bin/sh;
			shellScript = "diff \"${PODS_PODFILE_DIR_PATH}/Podfile.lock\" \"${PODS_ROOT}/Manifest.lock\" > /dev/null\nif [ $? != 0 ] ; then\n    # print error to STDERR\n    echo \"error: The sandbox is not in sync with the Podfile.lock. Run 'pod install' or update your CocoaPods installation.\" >&2\n    exit 1\nfi\n# This output is used by Xcode 'outputs' to avoid re-running this script phase.\necho \"SUCCESS\" > \"${SCRIPT_OUTPUT_FILE_0}\"\n";
			showEnvVarsInLog = 0;
		};
		4A0B529D12F5CD6B05EADE00 /* [CP] Check Pods Manifest.lock */ = {
			isa = PBXShellScriptBuildPhase;
			buildActionMask = 2147483647;
			files = (
			);
			inputFileListPaths = (
			);
			inputPaths = (
				"${PODS_PODFILE_DIR_PATH}/Podfile.lock",
				"${PODS_ROOT}/Manifest.lock",
			);
			name = "[CP] Check Pods Manifest.lock";
			outputFileListPaths = (
			);
			outputPaths = (
				"$(DERIVED_FILE_DIR)/Pods-RickMorty-checkManifestLockResult.txt",
			);
			runOnlyForDeploymentPostprocessing = 0;
			shellPath = /bin/sh;
			shellScript = "diff \"${PODS_PODFILE_DIR_PATH}/Podfile.lock\" \"${PODS_ROOT}/Manifest.lock\" > /dev/null\nif [ $? != 0 ] ; then\n    # print error to STDERR\n    echo \"error: The sandbox is not in sync with the Podfile.lock. Run 'pod install' or update your CocoaPods installation.\" >&2\n    exit 1\nfi\n# This output is used by Xcode 'outputs' to avoid re-running this script phase.\necho \"SUCCESS\" > \"${SCRIPT_OUTPUT_FILE_0}\"\n";
			showEnvVarsInLog = 0;
		};
		80A867B09587A2629725EBAE /* [CP] Check Pods Manifest.lock */ = {
			isa = PBXShellScriptBuildPhase;
			buildActionMask = 2147483647;
			files = (
			);
			inputFileListPaths = (
			);
			inputPaths = (
				"${PODS_PODFILE_DIR_PATH}/Podfile.lock",
				"${PODS_ROOT}/Manifest.lock",
			);
			name = "[CP] Check Pods Manifest.lock";
			outputFileListPaths = (
			);
			outputPaths = (
				"$(DERIVED_FILE_DIR)/Pods-RickMortyTests-checkManifestLockResult.txt",
			);
			runOnlyForDeploymentPostprocessing = 0;
			shellPath = /bin/sh;
			shellScript = "diff \"${PODS_PODFILE_DIR_PATH}/Podfile.lock\" \"${PODS_ROOT}/Manifest.lock\" > /dev/null\nif [ $? != 0 ] ; then\n    # print error to STDERR\n    echo \"error: The sandbox is not in sync with the Podfile.lock. Run 'pod install' or update your CocoaPods installation.\" >&2\n    exit 1\nfi\n# This output is used by Xcode 'outputs' to avoid re-running this script phase.\necho \"SUCCESS\" > \"${SCRIPT_OUTPUT_FILE_0}\"\n";
			showEnvVarsInLog = 0;
		};
/* End PBXShellScriptBuildPhase section */

/* Begin PBXSourcesBuildPhase section */
		5E00C87B2C38B23E00E359A4 /* Sources */ = {
			isa = PBXSourcesBuildPhase;
			buildActionMask = 2147483647;
			files = (
				5E3AF84E2C3DDE710084D4B5 /* KeyValueTextView.swift in Sources */,
				5E54F0AF2C39C38E004626B0 /* Character.swift in Sources */,
				5E54F09E2C399AAE004626B0 /* ApiEndpoint.swift in Sources */,
				5E54F0932C398B21004626B0 /* CharactersViewModel.swift in Sources */,
				5E54F0A52C39A8AF004626B0 /* URLComponents.swift in Sources */,
				5E54F0B12C39C6C3004626B0 /* String.swift in Sources */,
				5E00C8852C38B23F00E359A4 /* CharactersView.swift in Sources */,
				5E3AF8432C3DB1A50084D4B5 /* LoggerFacadeImpl.swift in Sources */,
				5E54F0962C398C65004626B0 /* CharacterRepository.swift in Sources */,
				5E54F09B2C39905F004626B0 /* ApiClientImpl.swift in Sources */,
				5E3AF8402C3DAEC10084D4B5 /* LoggerFacade.swift in Sources */,
				5E54F0A02C399E75004626B0 /* ApiMethod.swift in Sources */,
				5EEFCDDE2C3D8FBF007D559A /* OverlayView.swift in Sources */,
				5E365BBF2CB2AD6B008D60FF /* AppContainer.swift in Sources */,
				5EFD76E82C3B31560072D434 /* CharacterRepositoryMock.swift in Sources */,
				5E00C8832C38B23F00E359A4 /* RickMortyApp.swift in Sources */,
				5E54F0AD2C39BA51004626B0 /* ApiStatus.swift in Sources */,
				5E54F0AB2C39AA21004626B0 /* CharacterRepositoryImpl.swift in Sources */,
				5EFD76E62C3B30210072D434 /* ApiClientMock.swift in Sources */,
				5E3AF8482C3DC7D90084D4B5 /* NetworkImageView.swift in Sources */,
				5E54F0B32C3A073B004626B0 /* CharacterDetailView.swift in Sources */,
				5E3AF8522C3E04620084D4B5 /* AlertItem.swift in Sources */,
				5EEFCDDB2C3D8C29007D559A /* ActivityIndicator.swift in Sources */,
				5E3AF84C2C3DD5A60084D4B5 /* LoggerFacadeMock.swift in Sources */,
				5E54F0B52C3A0EA7004626B0 /* ErrorType.swift in Sources */,
				5E54F0992C398DE1004626B0 /* ApiClient.swift in Sources */,
				5E54F0A82C39A92E004626B0 /* URLRequest.swift in Sources */,
				5E3AF8462C3DC6CD0084D4B5 /* CharacterView.swift in Sources */,
			);
			runOnlyForDeploymentPostprocessing = 0;
		};
		5E00C88B2C38B24100E359A4 /* Sources */ = {
			isa = PBXSourcesBuildPhase;
			buildActionMask = 2147483647;
			files = (
				5EFD76E42C3B1DAF0072D434 /* CharactersViewModelTest.swift in Sources */,
				5E00C8942C38B24100E359A4 /* RickMortyTests.swift in Sources */,
			);
			runOnlyForDeploymentPostprocessing = 0;
		};
		5E00C8952C38B24100E359A4 /* Sources */ = {
			isa = PBXSourcesBuildPhase;
			buildActionMask = 2147483647;
			files = (
				5E00C89E2C38B24100E359A4 /* RickMortyUITests.swift in Sources */,
				5E00C8A02C38B24100E359A4 /* RickMortyUITestsLaunchTests.swift in Sources */,
			);
			runOnlyForDeploymentPostprocessing = 0;
		};
/* End PBXSourcesBuildPhase section */

/* Begin PBXTargetDependency section */
		5E00C8912C38B24100E359A4 /* PBXTargetDependency */ = {
			isa = PBXTargetDependency;
			target = 5E00C87E2C38B23E00E359A4 /* RickMorty */;
			targetProxy = 5E00C8902C38B24100E359A4 /* PBXContainerItemProxy */;
		};
		5E00C89B2C38B24100E359A4 /* PBXTargetDependency */ = {
			isa = PBXTargetDependency;
			target = 5E00C87E2C38B23E00E359A4 /* RickMorty */;
			targetProxy = 5E00C89A2C38B24100E359A4 /* PBXContainerItemProxy */;
		};
/* End PBXTargetDependency section */

/* Begin XCBuildConfiguration section */
		5E00C8A12C38B24100E359A4 /* Debug */ = {
			isa = XCBuildConfiguration;
			buildSettings = {
				ALWAYS_SEARCH_USER_PATHS = NO;
				ASSETCATALOG_COMPILER_GENERATE_SWIFT_ASSET_SYMBOL_EXTENSIONS = YES;
				CLANG_ANALYZER_NONNULL = YES;
				CLANG_ANALYZER_NUMBER_OBJECT_CONVERSION = YES_AGGRESSIVE;
				CLANG_CXX_LANGUAGE_STANDARD = "gnu++20";
				CLANG_ENABLE_MODULES = YES;
				CLANG_ENABLE_OBJC_ARC = YES;
				CLANG_ENABLE_OBJC_WEAK = YES;
				CLANG_WARN_BLOCK_CAPTURE_AUTORELEASING = YES;
				CLANG_WARN_BOOL_CONVERSION = YES;
				CLANG_WARN_COMMA = YES;
				CLANG_WARN_CONSTANT_CONVERSION = YES;
				CLANG_WARN_DEPRECATED_OBJC_IMPLEMENTATIONS = YES;
				CLANG_WARN_DIRECT_OBJC_ISA_USAGE = YES_ERROR;
				CLANG_WARN_DOCUMENTATION_COMMENTS = YES;
				CLANG_WARN_EMPTY_BODY = YES;
				CLANG_WARN_ENUM_CONVERSION = YES;
				CLANG_WARN_INFINITE_RECURSION = YES;
				CLANG_WARN_INT_CONVERSION = YES;
				CLANG_WARN_NON_LITERAL_NULL_CONVERSION = YES;
				CLANG_WARN_OBJC_IMPLICIT_RETAIN_SELF = YES;
				CLANG_WARN_OBJC_LITERAL_CONVERSION = YES;
				CLANG_WARN_OBJC_ROOT_CLASS = YES_ERROR;
				CLANG_WARN_QUOTED_INCLUDE_IN_FRAMEWORK_HEADER = YES;
				CLANG_WARN_RANGE_LOOP_ANALYSIS = YES;
				CLANG_WARN_STRICT_PROTOTYPES = YES;
				CLANG_WARN_SUSPICIOUS_MOVE = YES;
				CLANG_WARN_UNGUARDED_AVAILABILITY = YES_AGGRESSIVE;
				CLANG_WARN_UNREACHABLE_CODE = YES;
				CLANG_WARN__DUPLICATE_METHOD_MATCH = YES;
				CODE_SIGNING_REQUIRED = NO;
				CODE_SIGN_ENTITLEMENTS = "";
				CODE_SIGN_IDENTITY = "";
				COPY_PHASE_STRIP = NO;
				DEBUG_INFORMATION_FORMAT = dwarf;
				ENABLE_STRICT_OBJC_MSGSEND = YES;
				ENABLE_TESTABILITY = YES;
				ENABLE_USER_SCRIPT_SANDBOXING = YES;
				GCC_C_LANGUAGE_STANDARD = gnu17;
				GCC_DYNAMIC_NO_PIC = NO;
				GCC_NO_COMMON_BLOCKS = YES;
				GCC_OPTIMIZATION_LEVEL = 0;
				GCC_PREPROCESSOR_DEFINITIONS = (
					"DEBUG=1",
					"$(inherited)",
				);
				GCC_WARN_64_TO_32_BIT_CONVERSION = YES;
				GCC_WARN_ABOUT_RETURN_TYPE = YES_ERROR;
				GCC_WARN_UNDECLARED_SELECTOR = YES;
				GCC_WARN_UNINITIALIZED_AUTOS = YES_AGGRESSIVE;
				GCC_WARN_UNUSED_FUNCTION = YES;
				GCC_WARN_UNUSED_VARIABLE = YES;
				IPHONEOS_DEPLOYMENT_TARGET = 17.0;
				LOCALIZATION_PREFERS_STRING_CATALOGS = YES;
				MTL_ENABLE_DEBUG_INFO = INCLUDE_SOURCE;
				MTL_FAST_MATH = YES;
				ONLY_ACTIVE_ARCH = YES;
				SDKROOT = iphoneos;
				SWIFT_ACTIVE_COMPILATION_CONDITIONS = "DEBUG $(inherited)";
				SWIFT_OPTIMIZATION_LEVEL = "-Onone";
			};
			name = Debug;
		};
		5E00C8A22C38B24100E359A4 /* Release */ = {
			isa = XCBuildConfiguration;
			buildSettings = {
				ALWAYS_SEARCH_USER_PATHS = NO;
				ASSETCATALOG_COMPILER_GENERATE_SWIFT_ASSET_SYMBOL_EXTENSIONS = YES;
				CLANG_ANALYZER_NONNULL = YES;
				CLANG_ANALYZER_NUMBER_OBJECT_CONVERSION = YES_AGGRESSIVE;
				CLANG_CXX_LANGUAGE_STANDARD = "gnu++20";
				CLANG_ENABLE_MODULES = YES;
				CLANG_ENABLE_OBJC_ARC = YES;
				CLANG_ENABLE_OBJC_WEAK = YES;
				CLANG_WARN_BLOCK_CAPTURE_AUTORELEASING = YES;
				CLANG_WARN_BOOL_CONVERSION = YES;
				CLANG_WARN_COMMA = YES;
				CLANG_WARN_CONSTANT_CONVERSION = YES;
				CLANG_WARN_DEPRECATED_OBJC_IMPLEMENTATIONS = YES;
				CLANG_WARN_DIRECT_OBJC_ISA_USAGE = YES_ERROR;
				CLANG_WARN_DOCUMENTATION_COMMENTS = YES;
				CLANG_WARN_EMPTY_BODY = YES;
				CLANG_WARN_ENUM_CONVERSION = YES;
				CLANG_WARN_INFINITE_RECURSION = YES;
				CLANG_WARN_INT_CONVERSION = YES;
				CLANG_WARN_NON_LITERAL_NULL_CONVERSION = YES;
				CLANG_WARN_OBJC_IMPLICIT_RETAIN_SELF = YES;
				CLANG_WARN_OBJC_LITERAL_CONVERSION = YES;
				CLANG_WARN_OBJC_ROOT_CLASS = YES_ERROR;
				CLANG_WARN_QUOTED_INCLUDE_IN_FRAMEWORK_HEADER = YES;
				CLANG_WARN_RANGE_LOOP_ANALYSIS = YES;
				CLANG_WARN_STRICT_PROTOTYPES = YES;
				CLANG_WARN_SUSPICIOUS_MOVE = YES;
				CLANG_WARN_UNGUARDED_AVAILABILITY = YES_AGGRESSIVE;
				CLANG_WARN_UNREACHABLE_CODE = YES;
				CLANG_WARN__DUPLICATE_METHOD_MATCH = YES;
				COPY_PHASE_STRIP = NO;
				DEBUG_INFORMATION_FORMAT = "dwarf-with-dsym";
				ENABLE_NS_ASSERTIONS = NO;
				ENABLE_STRICT_OBJC_MSGSEND = YES;
				ENABLE_USER_SCRIPT_SANDBOXING = YES;
				GCC_C_LANGUAGE_STANDARD = gnu17;
				GCC_NO_COMMON_BLOCKS = YES;
				GCC_WARN_64_TO_32_BIT_CONVERSION = YES;
				GCC_WARN_ABOUT_RETURN_TYPE = YES_ERROR;
				GCC_WARN_UNDECLARED_SELECTOR = YES;
				GCC_WARN_UNINITIALIZED_AUTOS = YES_AGGRESSIVE;
				GCC_WARN_UNUSED_FUNCTION = YES;
				GCC_WARN_UNUSED_VARIABLE = YES;
				IPHONEOS_DEPLOYMENT_TARGET = 17.0;
				LOCALIZATION_PREFERS_STRING_CATALOGS = YES;
				MTL_ENABLE_DEBUG_INFO = NO;
				MTL_FAST_MATH = YES;
				SDKROOT = iphoneos;
				SWIFT_COMPILATION_MODE = wholemodule;
				VALIDATE_PRODUCT = YES;
			};
			name = Release;
		};
		5E00C8A42C38B24100E359A4 /* Debug */ = {
			isa = XCBuildConfiguration;
			baseConfigurationReference = 07D7B1B68C1FE4DF67844738 /* Pods-RickMorty.debug.xcconfig */;
			buildSettings = {
				ASSETCATALOG_COMPILER_APPICON_NAME = AppIcon;
				ASSETCATALOG_COMPILER_GLOBAL_ACCENT_COLOR_NAME = AccentColor;
				CODE_SIGNING_REQUIRED = NO;
				CODE_SIGN_ENTITLEMENTS = "";
				CODE_SIGN_IDENTITY = "Apple Development";
				CODE_SIGN_STYLE = Automatic;
				CURRENT_PROJECT_VERSION = 1;
				DEVELOPMENT_ASSET_PATHS = "\"RickMorty/Preview Content\"";
				DEVELOPMENT_TEAM = K5L4Y4H783;
				ENABLE_PREVIEWS = YES;
				GENERATE_INFOPLIST_FILE = YES;
				INFOPLIST_KEY_UIApplicationSceneManifest_Generation = YES;
				INFOPLIST_KEY_UIApplicationSupportsIndirectInputEvents = YES;
				INFOPLIST_KEY_UILaunchScreen_Generation = YES;
				INFOPLIST_KEY_UISupportedInterfaceOrientations_iPad = "UIInterfaceOrientationPortrait UIInterfaceOrientationPortraitUpsideDown UIInterfaceOrientationLandscapeLeft UIInterfaceOrientationLandscapeRight";
				INFOPLIST_KEY_UISupportedInterfaceOrientations_iPhone = "UIInterfaceOrientationPortrait UIInterfaceOrientationLandscapeLeft UIInterfaceOrientationLandscapeRight";
				LD_RUNPATH_SEARCH_PATHS = (
					"$(inherited)",
					"@executable_path/Frameworks",
				);
				MARKETING_VERSION = 1.0;
				PRODUCT_BUNDLE_IDENTIFIER = com.oosolarin.RickMorty2;
				PRODUCT_NAME = "$(TARGET_NAME)";
				PROVISIONING_PROFILE_SPECIFIER = "";
				SWIFT_EMIT_LOC_STRINGS = YES;
				SWIFT_VERSION = 5.0;
				TARGETED_DEVICE_FAMILY = "1,2";
			};
			name = Debug;
		};
		5E00C8A52C38B24100E359A4 /* Release */ = {
			isa = XCBuildConfiguration;
			baseConfigurationReference = 76BC854F2BD23B7CB2B04B82 /* Pods-RickMorty.release.xcconfig */;
			buildSettings = {
				ASSETCATALOG_COMPILER_APPICON_NAME = AppIcon;
				ASSETCATALOG_COMPILER_GLOBAL_ACCENT_COLOR_NAME = AccentColor;
				CODE_SIGN_IDENTITY = "Apple Development";
				CODE_SIGN_STYLE = Automatic;
				CURRENT_PROJECT_VERSION = 1;
				DEVELOPMENT_ASSET_PATHS = "\"RickMorty/Preview Content\"";
				DEVELOPMENT_TEAM = K5L4Y4H783;
				ENABLE_PREVIEWS = YES;
				GENERATE_INFOPLIST_FILE = YES;
				INFOPLIST_KEY_UIApplicationSceneManifest_Generation = YES;
				INFOPLIST_KEY_UIApplicationSupportsIndirectInputEvents = YES;
				INFOPLIST_KEY_UILaunchScreen_Generation = YES;
				INFOPLIST_KEY_UISupportedInterfaceOrientations_iPad = "UIInterfaceOrientationPortrait UIInterfaceOrientationPortraitUpsideDown UIInterfaceOrientationLandscapeLeft UIInterfaceOrientationLandscapeRight";
				INFOPLIST_KEY_UISupportedInterfaceOrientations_iPhone = "UIInterfaceOrientationPortrait UIInterfaceOrientationLandscapeLeft UIInterfaceOrientationLandscapeRight";
				LD_RUNPATH_SEARCH_PATHS = (
					"$(inherited)",
					"@executable_path/Frameworks",
				);
				MARKETING_VERSION = 1.0;
				PRODUCT_BUNDLE_IDENTIFIER = com.oosolarin.RickMorty2;
				PRODUCT_NAME = "$(TARGET_NAME)";
				PROVISIONING_PROFILE_SPECIFIER = "";
				SWIFT_EMIT_LOC_STRINGS = YES;
				SWIFT_VERSION = 5.0;
				TARGETED_DEVICE_FAMILY = "1,2";
			};
			name = Release;
		};
		5E00C8A72C38B24100E359A4 /* Debug */ = {
			isa = XCBuildConfiguration;
			baseConfigurationReference = 9D8CE640D2CEEB5F180B658F /* Pods-RickMortyTests.debug.xcconfig */;
			buildSettings = {
				ALWAYS_EMBED_SWIFT_STANDARD_LIBRARIES = YES;
				BUNDLE_LOADER = "$(TEST_HOST)";
				CODE_SIGNING_REQUIRED = NO;
				CODE_SIGN_ENTITLEMENTS = "";
				CODE_SIGN_IDENTITY = "";
				CODE_SIGN_STYLE = Automatic;
				CURRENT_PROJECT_VERSION = 1;
				DEVELOPMENT_TEAM = 2Z6X795KD6;
				GENERATE_INFOPLIST_FILE = YES;
				IPHONEOS_DEPLOYMENT_TARGET = 17.0;
				MARKETING_VERSION = 1.0;
				PRODUCT_BUNDLE_IDENTIFIER = com.oosolarin.RickMortyTests;
				PRODUCT_NAME = "$(TARGET_NAME)";
				SWIFT_EMIT_LOC_STRINGS = NO;
				SWIFT_VERSION = 5.0;
				TARGETED_DEVICE_FAMILY = "1,2";
				TEST_HOST = "$(BUILT_PRODUCTS_DIR)/RickMorty.app/$(BUNDLE_EXECUTABLE_FOLDER_PATH)/RickMorty";
			};
			name = Debug;
		};
		5E00C8A82C38B24100E359A4 /* Release */ = {
			isa = XCBuildConfiguration;
			baseConfigurationReference = 51F22979668E9094643E126A /* Pods-RickMortyTests.release.xcconfig */;
			buildSettings = {
				ALWAYS_EMBED_SWIFT_STANDARD_LIBRARIES = YES;
				BUNDLE_LOADER = "$(TEST_HOST)";
				CODE_SIGN_STYLE = Automatic;
				CURRENT_PROJECT_VERSION = 1;
				DEVELOPMENT_TEAM = 2Z6X795KD6;
				GENERATE_INFOPLIST_FILE = YES;
				IPHONEOS_DEPLOYMENT_TARGET = 17.0;
				MARKETING_VERSION = 1.0;
				PRODUCT_BUNDLE_IDENTIFIER = com.oosolarin.RickMortyTests;
				PRODUCT_NAME = "$(TARGET_NAME)";
				SWIFT_EMIT_LOC_STRINGS = NO;
				SWIFT_VERSION = 5.0;
				TARGETED_DEVICE_FAMILY = "1,2";
				TEST_HOST = "$(BUILT_PRODUCTS_DIR)/RickMorty.app/$(BUNDLE_EXECUTABLE_FOLDER_PATH)/RickMorty";
			};
			name = Release;
		};
		5E00C8AA2C38B24100E359A4 /* Debug */ = {
			isa = XCBuildConfiguration;
			baseConfigurationReference = 70D1EBD797C67A37C0246DE6 /* Pods-RickMorty-RickMortyUITests.debug.xcconfig */;
			buildSettings = {
				ALWAYS_EMBED_SWIFT_STANDARD_LIBRARIES = YES;
				CODE_SIGNING_REQUIRED = NO;
				CODE_SIGN_ENTITLEMENTS = "";
				CODE_SIGN_IDENTITY = "";
				CODE_SIGN_STYLE = Automatic;
				CURRENT_PROJECT_VERSION = 1;
				DEVELOPMENT_TEAM = 2Z6X795KD6;
				GENERATE_INFOPLIST_FILE = YES;
				MARKETING_VERSION = 1.0;
				PRODUCT_BUNDLE_IDENTIFIER = com.oosolarin.RickMortyUITests;
				PRODUCT_NAME = "$(TARGET_NAME)";
				SWIFT_EMIT_LOC_STRINGS = NO;
				SWIFT_VERSION = 5.0;
				TARGETED_DEVICE_FAMILY = "1,2";
				TEST_TARGET_NAME = RickMorty;
			};
			name = Debug;
		};
		5E00C8AB2C38B24100E359A4 /* Release */ = {
			isa = XCBuildConfiguration;
			baseConfigurationReference = C905816E57E2057E730B97A2 /* Pods-RickMorty-RickMortyUITests.release.xcconfig */;
			buildSettings = {
				ALWAYS_EMBED_SWIFT_STANDARD_LIBRARIES = YES;
				CODE_SIGN_STYLE = Automatic;
				CURRENT_PROJECT_VERSION = 1;
				DEVELOPMENT_TEAM = 2Z6X795KD6;
				GENERATE_INFOPLIST_FILE = YES;
				MARKETING_VERSION = 1.0;
				PRODUCT_BUNDLE_IDENTIFIER = com.oosolarin.RickMortyUITests;
				PRODUCT_NAME = "$(TARGET_NAME)";
				SWIFT_EMIT_LOC_STRINGS = NO;
				SWIFT_VERSION = 5.0;
				TARGETED_DEVICE_FAMILY = "1,2";
				TEST_TARGET_NAME = RickMorty;
			};
			name = Release;
		};
/* End XCBuildConfiguration section */

/* Begin XCConfigurationList section */
		5E00C87A2C38B23E00E359A4 /* Build configuration list for PBXProject "RickMorty" */ = {
			isa = XCConfigurationList;
			buildConfigurations = (
				5E00C8A12C38B24100E359A4 /* Debug */,
				5E00C8A22C38B24100E359A4 /* Release */,
			);
			defaultConfigurationIsVisible = 0;
			defaultConfigurationName = Release;
		};
		5E00C8A32C38B24100E359A4 /* Build configuration list for PBXNativeTarget "RickMorty" */ = {
			isa = XCConfigurationList;
			buildConfigurations = (
				5E00C8A42C38B24100E359A4 /* Debug */,
				5E00C8A52C38B24100E359A4 /* Release */,
			);
			defaultConfigurationIsVisible = 0;
			defaultConfigurationName = Release;
		};
		5E00C8A62C38B24100E359A4 /* Build configuration list for PBXNativeTarget "RickMortyTests" */ = {
			isa = XCConfigurationList;
			buildConfigurations = (
				5E00C8A72C38B24100E359A4 /* Debug */,
				5E00C8A82C38B24100E359A4 /* Release */,
			);
			defaultConfigurationIsVisible = 0;
			defaultConfigurationName = Release;
		};
		5E00C8A92C38B24100E359A4 /* Build configuration list for PBXNativeTarget "RickMortyUITests" */ = {
			isa = XCConfigurationList;
			buildConfigurations = (
				5E00C8AA2C38B24100E359A4 /* Debug */,
				5E00C8AB2C38B24100E359A4 /* Release */,
			);
			defaultConfigurationIsVisible = 0;
			defaultConfigurationName = Release;
		};
/* End XCConfigurationList section */

/* Begin XCRemoteSwiftPackageReference section */
		5EBDB09A2C3B8F640044933A /* XCRemoteSwiftPackageReference "Logger" */ = {
			isa = XCRemoteSwiftPackageReference;
			repositoryURL = "https://github.com/orley12/Logger.git";
			requirement = {
				branch = main;
				kind = branch;
			};
		};
/* End XCRemoteSwiftPackageReference section */

/* Begin XCSwiftPackageProductDependency section */
		5EBDB09B2C3B8F650044933A /* Logger */ = {
			isa = XCSwiftPackageProductDependency;
			package = 5EBDB09A2C3B8F640044933A /* XCRemoteSwiftPackageReference "Logger" */;
			productName = Logger;
		};
/* End XCSwiftPackageProductDependency section */
	};
	rootObject = 5E00C8772C38B23E00E359A4 /* Project object */;
}
